# THIS IS AN AUTOGENERATED FILE. DO NOT EDIT THIS FILE DIRECTLY.
# yarn lockfile v1


apollo-link@^0.8.0:
  version "0.8.0"
  resolved "https://registry.yarnpkg.com/apollo-link/-/apollo-link-0.8.0.tgz#efce6b35ae9ea5f6966a87054ba4893a5b6d960a"
  dependencies:
    apollo-utilities "^0.2.0-beta.0"
    zen-observable "^0.6.0"

apollo-server-core@^1.1.7:
  version "1.1.7"
  resolved "https://registry.yarnpkg.com/apollo-server-core/-/apollo-server-core-1.1.7.tgz#4d7df340a44e949e98ab6ca405f54e862ef5416e"
  dependencies:
    apollo-tracing "^0.0.x"

apollo-server-micro@^1.1.7:
  version "1.1.7"
  resolved "https://registry.yarnpkg.com/apollo-server-micro/-/apollo-server-micro-1.1.7.tgz#2b49a891d40b1de8201c503083fb8baedad5dd5a"
  dependencies:
    apollo-server-core "^1.1.7"
    apollo-server-module-graphiql "^1.1.6"

apollo-server-module-graphiql@^1.1.6:
  version "1.1.6"
  resolved "https://registry.yarnpkg.com/apollo-server-module-graphiql/-/apollo-server-module-graphiql-1.1.6.tgz#9a0c8ff7ed7c4fff313065db388f08b1e7b6f9b9"

apollo-tracing@^0.0.x:
  version "0.0.9"
  resolved "https://registry.yarnpkg.com/apollo-tracing/-/apollo-tracing-0.0.9.tgz#37fd4a7f5340f6e2ac9437d284f10ae2b1c85ad1"
  dependencies:
    graphql-tools "^2.2.0"

apollo-utilities@^0.2.0-beta.0:
  version "0.2.0-rc.0"
  resolved "https://registry.yarnpkg.com/apollo-utilities/-/apollo-utilities-0.2.0-rc.0.tgz#5ac93a839c5688e8f655dc7d5789a5d878f4351f"

bytes@3.0.0:
  version "3.0.0"
  resolved "https://registry.yarnpkg.com/bytes/-/bytes-3.0.0.tgz#d32815404d689699f85a4ea4fa8755dd13a96048"

depd@1.1.1:
  version "1.1.1"
  resolved "https://registry.yarnpkg.com/depd/-/depd-1.1.1.tgz#5783b4e1c459f06fa5ca27f991f3d06e7a310359"

deprecated-decorator@^0.1.6:
  version "0.1.6"
  resolved "https://registry.yarnpkg.com/deprecated-decorator/-/deprecated-decorator-0.1.6.tgz#00966317b7a12fe92f3cc831f7583af329b86c37"

graphql-server-micro@latest:
  version "1.1.7"
  resolved "https://registry.yarnpkg.com/graphql-server-micro/-/graphql-server-micro-1.1.7.tgz#a01b6221f87f8a3be91ebad9c32e7c0a9f12e764"
  dependencies:
    apollo-server-micro "^1.1.7"

graphql-tools@^2.2.0:
  version "2.5.1"
  resolved "https://registry.yarnpkg.com/graphql-tools/-/graphql-tools-2.5.1.tgz#542c48d4f9a532e09280ae216084813ea7ba4b18"
  dependencies:
    apollo-link "^0.8.0"
    deprecated-decorator "^0.1.6"
    uuid "^3.1.0"

http-errors@1.6.2:
  version "1.6.2"
  resolved "https://registry.yarnpkg.com/http-errors/-/http-errors-1.6.2.tgz#0a002cc85707192a7e7946ceedc11155f60ec736"
  dependencies:
    depd "1.1.1"
    inherits "2.0.3"
    setprototypeof "1.0.3"
    statuses ">= 1.3.1 < 2"

iconv-lite@0.4.19:
  version "0.4.19"
  resolved "https://registry.yarnpkg.com/iconv-lite/-/iconv-lite-0.4.19.tgz#f7468f60135f5e5dad3399c0a81be9a1603a082b"

inherits@2.0.3:
  version "2.0.3"
  resolved "https://registry.yarnpkg.com/inherits/-/inherits-2.0.3.tgz#633c2c83e3da42a502f52466022480f4208261de"

is-stream@1.1.0:
  version "1.1.0"
  resolved "https://registry.yarnpkg.com/is-stream/-/is-stream-1.1.0.tgz#12d4a3dd4e68e0b79ceb8dbc84173ae80d91ca44"

media-typer@0.3.0:
  version "0.3.0"
  resolved "https://registry.yarnpkg.com/media-typer/-/media-typer-0.3.0.tgz#8710d7af0aa626f8fffa1ce00168545263255748"

micro@latest:
  version "9.0.0"
  resolved "https://registry.yarnpkg.com/micro/-/micro-9.0.0.tgz#c07006a4297099bef9c7a4a318711a77209a4b72"
  dependencies:
    is-stream "1.1.0"
    media-typer "0.3.0"
    mri "1.1.0"
    raw-body "2.3.2"

microrouter@latest:
  version "2.2.3"
  resolved "https://registry.yarnpkg.com/microrouter/-/microrouter-2.2.3.tgz#7ea35cb88b4791d4e513891cbe10c1333daa797a"
  dependencies:
    url-pattern "^1.0.3"

mri@1.1.0:
  version "1.1.0"
  resolved "https://registry.yarnpkg.com/mri/-/mri-1.1.0.tgz#5c0a3f29c8ccffbbb1ec941dcec09d71fa32f36a"

raw-body@2.3.2:
  version "2.3.2"
  resolved "https://registry.yarnpkg.com/raw-body/-/raw-body-2.3.2.tgz#bcd60c77d3eb93cde0050295c3f379389bc88f89"
  dependencies:
    bytes "3.0.0"
    http-errors "1.6.2"
    iconv-lite "0.4.19"
    unpipe "1.0.0"

setprototypeof@1.0.3:
  version "1.0.3"
  resolved "https://registry.yarnpkg.com/setprototypeof/-/setprototypeof-1.0.3.tgz#66567e37043eeb4f04d91bd658c0cbefb55b8e04"

"statuses@>= 1.3.1 < 2":
  version "1.3.1"
  resolved "https://registry.yarnpkg.com/statuses/-/statuses-1.3.1.tgz#faf51b9eb74aaef3b3acf4ad5f61abf24cb7b93e"

unpipe@1.0.0:
  version "1.0.0"
  resolved "https://registry.yarnpkg.com/unpipe/-/unpipe-1.0.0.tgz#b2bf4ee8514aae6165b4817829d21b2ef49904ec"

url-pattern@^1.0.3:
  version "1.0.3"
  resolved "https://registry.yarnpkg.com/url-pattern/-/url-pattern-1.0.3.tgz#0409292471b24f23c50d65a47931793d2b5acfc1"

uuid@^3.1.0:
  version "3.1.0"
  resolved "https://registry.yarnpkg.com/uuid/-/uuid-3.1.0.tgz#3dd3d3e790abc24d7b0d3a034ffababe28ebbc04"

zen-observable@^0.6.0:
  version "0.6.0"
  resolved "https://registry.yarnpkg.com/zen-observable/-/zen-observable-0.6.0.tgz#8a6157ed15348d185d948cfc4a59d90a2c0f70ee"
